
Microsoft Visual Studio Solution File, Format Version 12.00
# Visual Studio Version 17
VisualStudioVersion = 17.4.33205.214
MinimumVisualStudioVersion = 10.0.40219.1
Project("{FAE04EC0-301F-11D3-BF4B-00C04F79EFBC}") = "ExtractSqlRequest", "ExtractSqlRequest\ExtractSqlRequest.csproj", "{5689A71B-95F8-4FCE-8402-5F310D8465DE}"
EndProject
Project("{FAE04EC0-301F-11D3-BF4B-00C04F79EFBC}") = "HelperLibrary", "HelperLibrary\HelperLibrary.csproj", "{D719AB98-0383-4CAF-A3FA-64035230401C}"
EndProject
Project("{FAE04EC0-301F-11D3-BF4B-00C04F79EFBC}") = "ExtractSqlRequest.Tests", "ExtractSqlRequest.Tests\ExtractSqlRequest.Tests.csproj", "{AA641F6C-86A2-4CA4-AFEB-C6702A329E55}"
EndProject
Global
	GlobalSection(SolutionConfigurationPlatforms) = preSolution
		Debug|Any CPU = Debug|Any CPU
		Release|Any CPU = Release|Any CPU
	EndGlobalSection
	GlobalSection(ProjectConfigurationPlatforms) = postSolution
		{5689A71B-95F8-4FCE-8402-5F310D8465DE}.Debug|Any CPU.ActiveCfg = Debug|Any CPU
		{5689A71B-95F8-4FCE-8402-5F310D8465DE}.Debug|Any CPU.Build.0 = Debug|Any CPU
		{5689A71B-95F8-4FCE-8402-5F310D8465DE}.Release|Any CPU.ActiveCfg = Release|Any CPU
		{5689A71B-95F8-4FCE-8402-5F310D8465DE}.Release|Any CPU.Build.0 = Release|Any CPU
		{D719AB98-0383-4CAF-A3FA-64035230401C}.Debug|Any CPU.ActiveCfg = Debug|Any CPU
		{D719AB98-0383-4CAF-A3FA-64035230401C}.Debug|Any CPU.Build.0 = Debug|Any CPU
		{D719AB98-0383-4CAF-A3FA-64035230401C}.Release|Any CPU.ActiveCfg = Release|Any CPU
		{D719AB98-0383-4CAF-A3FA-64035230401C}.Release|Any CPU.Build.0 = Release|Any CPU
		{AA641F6C-86A2-4CA4-AFEB-C6702A329E55}.Debug|Any CPU.ActiveCfg = Debug|Any CPU
		{AA641F6C-86A2-4CA4-AFEB-C6702A329E55}.Debug|Any CPU.Build.0 = Debug|Any CPU
		{AA641F6C-86A2-4CA4-AFEB-C6702A329E55}.Release|Any CPU.ActiveCfg = Release|Any CPU
		{AA641F6C-86A2-4CA4-AFEB-C6702A329E55}.Release|Any CPU.Build.0 = Release|Any CPU
	EndGlobalSection
	GlobalSection(SolutionProperties) = preSolution
		HideSolutionNode = FALSE
	EndGlobalSection
	GlobalSection(ExtensibilityGlobals) = postSolution
		SolutionGuid = {A9E1DF3C-799C-4F9B-B6E0-74B62E79996F}
	EndGlobalSection
EndGlobal
